{
  "name": "@studiometa/js-toolkit",
  "version": "npm:@studiometa/js-toolkit@1.0.0-alpha.12",
  "lockfileVersion": 2,
  "requires": true,
  "dev": true,
  "packages": {
    "": {
      "name": "@studiometa/js-toolkit",
      "version": "1.0.0-alpha.12",
      "dev": true,
      "license": "ISC",
      "dependencies": {
        "deepmerge": "^4.2.2",
        "nanoid": "2.1.11"
      },
      "devDependencies": {
        "@babel/cli": "^7.10.5",
        "@babel/core": "^7.11.1",
        "@babel/plugin-proposal-class-properties": "^7.10.4",
        "@babel/plugin-proposal-export-default-from": "^7.10.4",
        "@babel/plugin-proposal-export-namespace-from": "^7.10.4",
        "@babel/plugin-transform-runtime": "^7.11.0",
        "@babel/preset-env": "^7.11.0",
        "@silvanite/vuepress-plugin-tailwind": "^1.2.0",
        "@studiometa/browserslist-config": "^1.0.1",
        "@studiometa/eslint-config": "^2.0.3",
        "@studiometa/prettier-config": "^2.0.0",
        "@studiometa/stylelint-config": "^2.0.0",
        "@studiometa/tailwind-config": "^1.0.2",
        "@studiometa/webpack-config": "^2.0.1",
        "~": "file:./",
        "autoprefixer": "^9.8.6",
        "babel-jest": "^25.2.6",
        "cssnano": "^4.1.10",
        "eslint": "^6.8.0",
        "eslint-import-resolver-alias": "^1.1.2",
        "eslint-plugin-jest": "^23.20.0",
        "html-loader-jest": "^0.2.1",
        "html-webpack-plugin": "^4.3.0",
        "jest": "^25.2.7",
        "postcss": "^7.0.27",
        "prettier": "^1.19.1",
        "stylelint": "^13.6.1",
        "tailwindcss": "^1.6.2",
        "vuepress": "^1.5.3"
      }
    }
  }
}
